
Microsoft Visual Studio Solution File, Format Version 12.00
# Visual Studio Version 16
VisualStudioVersion = 16.0.29613.14
MinimumVisualStudioVersion = 10.0.40219.1
Project("{FAE04EC0-301F-11D3-BF4B-00C04F79EFBC}") = "CryptoService", "CryptoService\CryptoService.csproj", "{20038025-5AB2-4FBF-893F-D56DAB512535}"
EndProject
Project("{9A19103F-16F7-4668-BE54-9A1E7A4F7556}") = "Crypto.Net.Core", "..\..\Crypto.Core\Crypto.Net.Core.csproj", "{77EA16FF-2F8B-4CAE-86A2-C00912D851E8}"
EndProject
Global
	GlobalSection(SolutionConfigurationPlatforms) = preSolution
		Debug|Any CPU = Debug|Any CPU
		Release|Any CPU = Release|Any CPU
	EndGlobalSection
	GlobalSection(ProjectConfigurationPlatforms) = postSolution
		{20038025-5AB2-4FBF-893F-D56DAB512535}.Debug|Any CPU.ActiveCfg = Debug|Any CPU
		{20038025-5AB2-4FBF-893F-D56DAB512535}.Debug|Any CPU.Build.0 = Debug|Any CPU
		{20038025-5AB2-4FBF-893F-D56DAB512535}.Release|Any CPU.ActiveCfg = Release|Any CPU
		{20038025-5AB2-4FBF-893F-D56DAB512535}.Release|Any CPU.Build.0 = Release|Any CPU
		{77EA16FF-2F8B-4CAE-86A2-C00912D851E8}.Debug|Any CPU.ActiveCfg = Debug|Any CPU
		{77EA16FF-2F8B-4CAE-86A2-C00912D851E8}.Debug|Any CPU.Build.0 = Debug|Any CPU
		{77EA16FF-2F8B-4CAE-86A2-C00912D851E8}.Release|Any CPU.ActiveCfg = Release|Any CPU
		{77EA16FF-2F8B-4CAE-86A2-C00912D851E8}.Release|Any CPU.Build.0 = Release|Any CPU
	EndGlobalSection
	GlobalSection(SolutionProperties) = preSolution
		HideSolutionNode = FALSE
	EndGlobalSection
	GlobalSection(ExtensibilityGlobals) = postSolution
		SolutionGuid = {BF1B7B4D-1348-4832-B1A0-86F3E86049D1}
	EndGlobalSection
EndGlobal
