
Microsoft Visual Studio Solution File, Format Version 12.00
# Visual Studio 15
VisualStudioVersion = 15.0.26430.6
MinimumVisualStudioVersion = 10.0.40219.1
Project("{FAE04EC0-301F-11D3-BF4B-00C04F79EFBC}") = "CryptoMarketClient", "PoloniexClient\CryptoMarketClient.csproj", "{544E62E5-DC81-410C-9F75-F914A0B711C1}"
EndProject
Project("{2150E333-8FDC-42A3-9474-1A3956D46DE8}") = "Solution Items", "Solution Items", "{02B300A7-357F-42B2-A443-B901659D5255}"
	ProjectSection(SolutionItems) = preProject
		Performance1.psess = Performance1.psess
	EndProjectSection
EndProject
Global
	GlobalSection(SolutionConfigurationPlatforms) = preSolution
		Debug|Any CPU = Debug|Any CPU
		Release|Any CPU = Release|Any CPU
	EndGlobalSection
	GlobalSection(ProjectConfigurationPlatforms) = postSolution
		{544E62E5-DC81-410C-9F75-F914A0B711C1}.Debug|Any CPU.ActiveCfg = Debug|Any CPU
		{544E62E5-DC81-410C-9F75-F914A0B711C1}.Debug|Any CPU.Build.0 = Debug|Any CPU
		{544E62E5-DC81-410C-9F75-F914A0B711C1}.Release|Any CPU.ActiveCfg = Release|Any CPU
		{544E62E5-DC81-410C-9F75-F914A0B711C1}.Release|Any CPU.Build.0 = Release|Any CPU
	EndGlobalSection
	GlobalSection(SolutionProperties) = preSolution
		HideSolutionNode = FALSE
	EndGlobalSection
	GlobalSection(ExtensibilityGlobals) = postSolution
		SolutionGuid = {3D35ED6B-08F9-4FA1-A516-B5E75998A90D}
	EndGlobalSection
EndGlobal
