
Microsoft Visual Studio Solution File, Format Version 12.00
# Visual Studio Version 16
VisualStudioVersion = 16.0.29613.14
MinimumVisualStudioVersion = 10.0.40219.1
Project("{9A19103F-16F7-4668-BE54-9A1E7A4F7556}") = "CryptoWebApp", "CryptoWebApp.csproj", "{E5DE5607-9A51-4F8F-8BF7-F9482EB4FA23}"
EndProject
Project("{9A19103F-16F7-4668-BE54-9A1E7A4F7556}") = "Crypto.Net.Core", "..\..\Crypto.Core\Crypto.Net.Core.csproj", "{1B56EA5D-E67A-463A-9F70-22A8A0624C39}"
EndProject
Global
	GlobalSection(SolutionConfigurationPlatforms) = preSolution
		Debug|Any CPU = Debug|Any CPU
		Release|Any CPU = Release|Any CPU
	EndGlobalSection
	GlobalSection(ProjectConfigurationPlatforms) = postSolution
		{E5DE5607-9A51-4F8F-8BF7-F9482EB4FA23}.Debug|Any CPU.ActiveCfg = Debug|Any CPU
		{E5DE5607-9A51-4F8F-8BF7-F9482EB4FA23}.Debug|Any CPU.Build.0 = Debug|Any CPU
		{E5DE5607-9A51-4F8F-8BF7-F9482EB4FA23}.Release|Any CPU.ActiveCfg = Release|Any CPU
		{E5DE5607-9A51-4F8F-8BF7-F9482EB4FA23}.Release|Any CPU.Build.0 = Release|Any CPU
		{1B56EA5D-E67A-463A-9F70-22A8A0624C39}.Debug|Any CPU.ActiveCfg = Debug|Any CPU
		{1B56EA5D-E67A-463A-9F70-22A8A0624C39}.Debug|Any CPU.Build.0 = Debug|Any CPU
		{1B56EA5D-E67A-463A-9F70-22A8A0624C39}.Release|Any CPU.ActiveCfg = Release|Any CPU
		{1B56EA5D-E67A-463A-9F70-22A8A0624C39}.Release|Any CPU.Build.0 = Release|Any CPU
	EndGlobalSection
	GlobalSection(SolutionProperties) = preSolution
		HideSolutionNode = FALSE
	EndGlobalSection
	GlobalSection(ExtensibilityGlobals) = postSolution
		SolutionGuid = {74FECC2C-6DC6-46D7-8373-390C5D46BDEC}
	EndGlobalSection
EndGlobal
