
Microsoft Visual Studio Solution File, Format Version 12.00
# Visual Studio 15
VisualStudioVersion = 15.0.27130.2020
MinimumVisualStudioVersion = 10.0.40219.1
Project("{9A19103F-16F7-4668-BE54-9A1E7A4F7556}") = "Crypto.Net.Core", "..\Crypto.Core\Crypto.Net.Core.csproj", "{1A8F4039-92AE-4804-84C2-55AD81FB836B}"
EndProject
Project("{9A19103F-16F7-4668-BE54-9A1E7A4F7556}") = "CryptoCollector", "CryptoCollector.csproj", "{D2575E61-EBD8-4EF7-B01B-978AB08FE387}"
EndProject
Global
	GlobalSection(SolutionConfigurationPlatforms) = preSolution
		Debug|Any CPU = Debug|Any CPU
		Release|Any CPU = Release|Any CPU
	EndGlobalSection
	GlobalSection(ProjectConfigurationPlatforms) = postSolution
		{1A8F4039-92AE-4804-84C2-55AD81FB836B}.Debug|Any CPU.ActiveCfg = Debug|Any CPU
		{1A8F4039-92AE-4804-84C2-55AD81FB836B}.Debug|Any CPU.Build.0 = Debug|Any CPU
		{1A8F4039-92AE-4804-84C2-55AD81FB836B}.Release|Any CPU.ActiveCfg = Release|Any CPU
		{1A8F4039-92AE-4804-84C2-55AD81FB836B}.Release|Any CPU.Build.0 = Release|Any CPU
		{D2575E61-EBD8-4EF7-B01B-978AB08FE387}.Debug|Any CPU.ActiveCfg = Debug|Any CPU
		{D2575E61-EBD8-4EF7-B01B-978AB08FE387}.Debug|Any CPU.Build.0 = Debug|Any CPU
		{D2575E61-EBD8-4EF7-B01B-978AB08FE387}.Release|Any CPU.ActiveCfg = Release|Any CPU
		{D2575E61-EBD8-4EF7-B01B-978AB08FE387}.Release|Any CPU.Build.0 = Release|Any CPU
	EndGlobalSection
	GlobalSection(SolutionProperties) = preSolution
		HideSolutionNode = FALSE
	EndGlobalSection
	GlobalSection(ExtensibilityGlobals) = postSolution
		SolutionGuid = {DC41A326-8E5B-4996-BC68-CDCC242BDFDE}
	EndGlobalSection
EndGlobal
