
Microsoft Visual Studio Solution File, Format Version 12.00
# Visual Studio Version 16
VisualStudioVersion = 16.0.29613.14
MinimumVisualStudioVersion = 10.0.40219.1
Project("{9A19103F-16F7-4668-BE54-9A1E7A4F7556}") = "CryptoService.Core", "CryptoService.Core.csproj", "{134D24FE-7E5D-44F6-918A-02F7B20E050F}"
EndProject
Project("{9A19103F-16F7-4668-BE54-9A1E7A4F7556}") = "Crypto.Net.Core", "..\..\Crypto.Core\Crypto.Net.Core.csproj", "{A512DA60-EFF3-45A1-BB49-A748CA7AA5B2}"
EndProject
Project("{FAE04EC0-301F-11D3-BF4B-00C04F79EFBC}") = "CryptoWebApp", "..\CryptoWebApp\CryptoWebApp.csproj", "{E1375EB0-FBE3-4B7F-BA94-C27C12613676}"
EndProject
Global
	GlobalSection(SolutionConfigurationPlatforms) = preSolution
		Debug|Any CPU = Debug|Any CPU
		Release|Any CPU = Release|Any CPU
	EndGlobalSection
	GlobalSection(ProjectConfigurationPlatforms) = postSolution
		{134D24FE-7E5D-44F6-918A-02F7B20E050F}.Debug|Any CPU.ActiveCfg = Debug|Any CPU
		{134D24FE-7E5D-44F6-918A-02F7B20E050F}.Debug|Any CPU.Build.0 = Debug|Any CPU
		{134D24FE-7E5D-44F6-918A-02F7B20E050F}.Release|Any CPU.ActiveCfg = Release|Any CPU
		{134D24FE-7E5D-44F6-918A-02F7B20E050F}.Release|Any CPU.Build.0 = Release|Any CPU
		{A512DA60-EFF3-45A1-BB49-A748CA7AA5B2}.Debug|Any CPU.ActiveCfg = Debug|Any CPU
		{A512DA60-EFF3-45A1-BB49-A748CA7AA5B2}.Debug|Any CPU.Build.0 = Debug|Any CPU
		{A512DA60-EFF3-45A1-BB49-A748CA7AA5B2}.Release|Any CPU.ActiveCfg = Release|Any CPU
		{A512DA60-EFF3-45A1-BB49-A748CA7AA5B2}.Release|Any CPU.Build.0 = Release|Any CPU
		{E1375EB0-FBE3-4B7F-BA94-C27C12613676}.Debug|Any CPU.ActiveCfg = Debug|Any CPU
		{E1375EB0-FBE3-4B7F-BA94-C27C12613676}.Debug|Any CPU.Build.0 = Debug|Any CPU
		{E1375EB0-FBE3-4B7F-BA94-C27C12613676}.Release|Any CPU.ActiveCfg = Release|Any CPU
		{E1375EB0-FBE3-4B7F-BA94-C27C12613676}.Release|Any CPU.Build.0 = Release|Any CPU
	EndGlobalSection
	GlobalSection(SolutionProperties) = preSolution
		HideSolutionNode = FALSE
	EndGlobalSection
	GlobalSection(ExtensibilityGlobals) = postSolution
		SolutionGuid = {BD90345F-BFF2-4D2C-A717-5BD3C58ED1BD}
	EndGlobalSection
EndGlobal
