
Microsoft Visual Studio Solution File, Format Version 12.00
# Visual Studio 15
VisualStudioVersion = 15.0.27130.2020
MinimumVisualStudioVersion = 10.0.40219.1
Project("{9A19103F-16F7-4668-BE54-9A1E7A4F7556}") = "Crypto.Net.Core", "Crypto.Net.Core.csproj", "{D0940A7C-F611-4E3C-A809-A7B6C6FFCE90}"
EndProject
Global
	GlobalSection(SolutionConfigurationPlatforms) = preSolution
		Debug|Any CPU = Debug|Any CPU
		Release|Any CPU = Release|Any CPU
	EndGlobalSection
	GlobalSection(ProjectConfigurationPlatforms) = postSolution
		{D0940A7C-F611-4E3C-A809-A7B6C6FFCE90}.Debug|Any CPU.ActiveCfg = Debug|Any CPU
		{D0940A7C-F611-4E3C-A809-A7B6C6FFCE90}.Debug|Any CPU.Build.0 = Debug|Any CPU
		{D0940A7C-F611-4E3C-A809-A7B6C6FFCE90}.Release|Any CPU.ActiveCfg = Release|Any CPU
		{D0940A7C-F611-4E3C-A809-A7B6C6FFCE90}.Release|Any CPU.Build.0 = Release|Any CPU
	EndGlobalSection
	GlobalSection(SolutionProperties) = preSolution
		HideSolutionNode = FALSE
	EndGlobalSection
	GlobalSection(ExtensibilityGlobals) = postSolution
		SolutionGuid = {28005D89-DAC5-4467-BD43-B41C61C42512}
	EndGlobalSection
EndGlobal
